
Microsoft Visual Studio Solution File, Format Version 12.00
# Visual Studio 2012
Project("{FAE04EC0-301F-11D3-BF4B-00C04F79EFBC}") = "SuperHashingPasswordGenerator", "SuperHashingPasswordGenerator.csproj", "{840CA168-742B-4975-AD85-5E9A70819E44}"
EndProject
Global
	GlobalSection(SolutionConfigurationPlatforms) = preSolution
		Debug|Any CPU = Debug|Any CPU
		Release|Any CPU = Release|Any CPU
	EndGlobalSection
	GlobalSection(ProjectConfigurationPlatforms) = postSolution
		{840CA168-742B-4975-AD85-5E9A70819E44}.Debug|Any CPU.ActiveCfg = Debug|Any CPU
		{840CA168-742B-4975-AD85-5E9A70819E44}.Debug|Any CPU.Build.0 = Debug|Any CPU
		{840CA168-742B-4975-AD85-5E9A70819E44}.Release|Any CPU.ActiveCfg = Release|Any CPU
		{840CA168-742B-4975-AD85-5E9A70819E44}.Release|Any CPU.Build.0 = Release|Any CPU
	EndGlobalSection
	GlobalSection(SolutionProperties) = preSolution
		HideSolutionNode = FALSE
	EndGlobalSection
EndGlobal
